
Microsoft Visual Studio Solution File, Format Version 12.00
# Visual Studio Version 16
VisualStudioVersion = 16.0.28803.156
MinimumVisualStudioVersion = 10.0.40219.1
Project("{FAE04EC0-301F-11D3-BF4B-00C04F79EFBC}") = "LPS", "LPS\LPS.csproj", "{3C48C22C-63F3-4F2D-85D5-06DE8B6B17F0}"
	ProjectSection(ProjectDependencies) = postProject
		{09CD4358-741A-45DC-8E0A-04E38A0DA440} = {09CD4358-741A-45DC-8E0A-04E38A0DA440}
	EndProjectSection
EndProject
Project("{FAE04EC0-301F-11D3-BF4B-00C04F79EFBC}") = "MypKey", "MypKey\MypKey.csproj", "{0F2C14CB-0F3F-4EBF-BA6A-0F5C20D5CAAD}"
EndProject
Project("{FAE04EC0-301F-11D3-BF4B-00C04F79EFBC}") = "MypSnGenerator", "MypSnGenerator\MypSnGenerator.csproj", "{51CE4B9F-1805-4B05-BC6F-808EE023E7CA}"
EndProject
Project("{FAE04EC0-301F-11D3-BF4B-00C04F79EFBC}") = "MonthCalendar", "MonthCalendar\MonthCalendar.csproj", "{09CD4358-741A-45DC-8E0A-04E38A0DA440}"
EndProject
Global
	GlobalSection(SolutionConfigurationPlatforms) = preSolution
		Debug|Any CPU = Debug|Any CPU
		Debug|x86 = Debug|x86
		Release|Any CPU = Release|Any CPU
		Release|x86 = Release|x86
	EndGlobalSection
	GlobalSection(ProjectConfigurationPlatforms) = postSolution
		{3C48C22C-63F3-4F2D-85D5-06DE8B6B17F0}.Debug|Any CPU.ActiveCfg = Debug|Any CPU
		{3C48C22C-63F3-4F2D-85D5-06DE8B6B17F0}.Debug|Any CPU.Build.0 = Debug|Any CPU
		{3C48C22C-63F3-4F2D-85D5-06DE8B6B17F0}.Debug|x86.ActiveCfg = Debug|x86
		{3C48C22C-63F3-4F2D-85D5-06DE8B6B17F0}.Debug|x86.Build.0 = Debug|x86
		{3C48C22C-63F3-4F2D-85D5-06DE8B6B17F0}.Release|Any CPU.ActiveCfg = Release|Any CPU
		{3C48C22C-63F3-4F2D-85D5-06DE8B6B17F0}.Release|Any CPU.Build.0 = Release|Any CPU
		{3C48C22C-63F3-4F2D-85D5-06DE8B6B17F0}.Release|x86.ActiveCfg = Release|x86
		{3C48C22C-63F3-4F2D-85D5-06DE8B6B17F0}.Release|x86.Build.0 = Release|x86
		{0F2C14CB-0F3F-4EBF-BA6A-0F5C20D5CAAD}.Debug|Any CPU.ActiveCfg = Debug|Any CPU
		{0F2C14CB-0F3F-4EBF-BA6A-0F5C20D5CAAD}.Debug|Any CPU.Build.0 = Debug|Any CPU
		{0F2C14CB-0F3F-4EBF-BA6A-0F5C20D5CAAD}.Debug|x86.ActiveCfg = Debug|Any CPU
		{0F2C14CB-0F3F-4EBF-BA6A-0F5C20D5CAAD}.Debug|x86.Build.0 = Debug|Any CPU
		{0F2C14CB-0F3F-4EBF-BA6A-0F5C20D5CAAD}.Release|Any CPU.ActiveCfg = Release|Any CPU
		{0F2C14CB-0F3F-4EBF-BA6A-0F5C20D5CAAD}.Release|Any CPU.Build.0 = Release|Any CPU
		{0F2C14CB-0F3F-4EBF-BA6A-0F5C20D5CAAD}.Release|x86.ActiveCfg = Release|Any CPU
		{0F2C14CB-0F3F-4EBF-BA6A-0F5C20D5CAAD}.Release|x86.Build.0 = Release|Any CPU
		{51CE4B9F-1805-4B05-BC6F-808EE023E7CA}.Debug|Any CPU.ActiveCfg = Debug|Any CPU
		{51CE4B9F-1805-4B05-BC6F-808EE023E7CA}.Debug|Any CPU.Build.0 = Debug|Any CPU
		{51CE4B9F-1805-4B05-BC6F-808EE023E7CA}.Debug|x86.ActiveCfg = Debug|Any CPU
		{51CE4B9F-1805-4B05-BC6F-808EE023E7CA}.Debug|x86.Build.0 = Debug|Any CPU
		{51CE4B9F-1805-4B05-BC6F-808EE023E7CA}.Release|Any CPU.ActiveCfg = Release|Any CPU
		{51CE4B9F-1805-4B05-BC6F-808EE023E7CA}.Release|Any CPU.Build.0 = Release|Any CPU
		{51CE4B9F-1805-4B05-BC6F-808EE023E7CA}.Release|x86.ActiveCfg = Release|Any CPU
		{51CE4B9F-1805-4B05-BC6F-808EE023E7CA}.Release|x86.Build.0 = Release|Any CPU
		{09CD4358-741A-45DC-8E0A-04E38A0DA440}.Debug|Any CPU.ActiveCfg = Debug|Any CPU
		{09CD4358-741A-45DC-8E0A-04E38A0DA440}.Debug|Any CPU.Build.0 = Debug|Any CPU
		{09CD4358-741A-45DC-8E0A-04E38A0DA440}.Debug|x86.ActiveCfg = Debug|Any CPU
		{09CD4358-741A-45DC-8E0A-04E38A0DA440}.Debug|x86.Build.0 = Debug|Any CPU
		{09CD4358-741A-45DC-8E0A-04E38A0DA440}.Release|Any CPU.ActiveCfg = Release|Any CPU
		{09CD4358-741A-45DC-8E0A-04E38A0DA440}.Release|Any CPU.Build.0 = Release|Any CPU
		{09CD4358-741A-45DC-8E0A-04E38A0DA440}.Release|x86.ActiveCfg = Release|Any CPU
		{09CD4358-741A-45DC-8E0A-04E38A0DA440}.Release|x86.Build.0 = Release|Any CPU
	EndGlobalSection
	GlobalSection(SolutionProperties) = preSolution
		HideSolutionNode = FALSE
	EndGlobalSection
	GlobalSection(ExtensibilityGlobals) = postSolution
		SolutionGuid = {6714E763-A46C-41EB-AE88-96311C9B9C1B}
	EndGlobalSection
EndGlobal
